
Microsoft Visual Studio Solution File, Format Version 12.00
# Visual Studio 15
Project("{FAE04EC0-301F-11D3-BF4B-00C04F79EFBC}") = "Assembly-CSharp", "Assembly-CSharp.csproj", "{01588501-3C29-F683-2CCB-7F49E8D26B43}"
EndProject
Global
	GlobalSection(SolutionConfigurationPlatforms) = preSolution
		Debug|Any CPU = Debug|Any CPU
		Release|Any CPU = Release|Any CPU
	EndGlobalSection
	GlobalSection(ProjectConfigurationPlatforms) = postSolution
		{01588501-3C29-F683-2CCB-7F49E8D26B43}.Debug|Any CPU.ActiveCfg = Debug|Any CPU
		{01588501-3C29-F683-2CCB-7F49E8D26B43}.Debug|Any CPU.Build.0 = Debug|Any CPU
		{01588501-3C29-F683-2CCB-7F49E8D26B43}.Release|Any CPU.ActiveCfg = Release|Any CPU
		{01588501-3C29-F683-2CCB-7F49E8D26B43}.Release|Any CPU.Build.0 = Release|Any CPU
	EndGlobalSection
	GlobalSection(SolutionProperties) = preSolution
		HideSolutionNode = FALSE
	EndGlobalSection
EndGlobal
